
Microsoft Visual Studio Solution File, Format Version 12.00
# Visual Studio Version 17
VisualStudioVersion = 17.0.31612.314
MinimumVisualStudioVersion = 10.0.40219.1
Project("{FAE04EC0-301F-11D3-BF4B-00C04F79EFBC}") = "BMI calculator", "BMI calculator\BMI calculator.csproj", "{A37B1FB9-84F1-479C-A0FF-97687DF70356}"
EndProject
Global
	GlobalSection(SolutionConfigurationPlatforms) = preSolution
		Debug|Any CPU = Debug|Any CPU
		Release|Any CPU = Release|Any CPU
	EndGlobalSection
	GlobalSection(ProjectConfigurationPlatforms) = postSolution
		{A37B1FB9-84F1-479C-A0FF-97687DF70356}.Debug|Any CPU.ActiveCfg = Debug|Any CPU
		{A37B1FB9-84F1-479C-A0FF-97687DF70356}.Debug|Any CPU.Build.0 = Debug|Any CPU
		{A37B1FB9-84F1-479C-A0FF-97687DF70356}.Release|Any CPU.ActiveCfg = Release|Any CPU
		{A37B1FB9-84F1-479C-A0FF-97687DF70356}.Release|Any CPU.Build.0 = Release|Any CPU
	EndGlobalSection
	GlobalSection(SolutionProperties) = preSolution
		HideSolutionNode = FALSE
	EndGlobalSection
	GlobalSection(ExtensibilityGlobals) = postSolution
		SolutionGuid = {51A55F8F-172F-4030-85D3-C5A64833095A}
	EndGlobalSection
EndGlobal
